
Microsoft Visual Studio Solution File, Format Version 10.00
# Visual Studio 2008
Project("{FAE04EC0-301F-11D3-BF4B-00C04F79EFBC}") = "iSOFlair", "iSOFlair.csproj", "{35D3780D-0DBA-467B-A59F-0B30D07BBD8F}"
EndProject
Global
	GlobalSection(SolutionConfigurationPlatforms) = preSolution
		Debug|iPhoneSimulator = Debug|iPhoneSimulator
		Release|iPhoneSimulator = Release|iPhoneSimulator
		Debug|iPhone = Debug|iPhone
		Release|iPhone = Release|iPhone
	EndGlobalSection
	GlobalSection(ProjectConfigurationPlatforms) = postSolution
		{35D3780D-0DBA-467B-A59F-0B30D07BBD8F}.Debug|iPhone.ActiveCfg = Debug|iPhone
		{35D3780D-0DBA-467B-A59F-0B30D07BBD8F}.Debug|iPhone.Build.0 = Debug|iPhone
		{35D3780D-0DBA-467B-A59F-0B30D07BBD8F}.Debug|iPhoneSimulator.ActiveCfg = Debug|iPhoneSimulator
		{35D3780D-0DBA-467B-A59F-0B30D07BBD8F}.Debug|iPhoneSimulator.Build.0 = Debug|iPhoneSimulator
		{35D3780D-0DBA-467B-A59F-0B30D07BBD8F}.Release|iPhone.ActiveCfg = Release|iPhone
		{35D3780D-0DBA-467B-A59F-0B30D07BBD8F}.Release|iPhone.Build.0 = Release|iPhone
		{35D3780D-0DBA-467B-A59F-0B30D07BBD8F}.Release|iPhoneSimulator.ActiveCfg = Release|iPhoneSimulator
		{35D3780D-0DBA-467B-A59F-0B30D07BBD8F}.Release|iPhoneSimulator.Build.0 = Release|iPhoneSimulator
	EndGlobalSection
	GlobalSection(MonoDevelopProperties) = preSolution
		StartupItem = iSOFlair.csproj
	EndGlobalSection
EndGlobal
